
Microsoft Visual Studio Solution File, Format Version 12.00
# Visual Studio Version 17
VisualStudioVersion = 17.2.33502.348
MinimumVisualStudioVersion = 10.0.40219.1
Project("{FAE04EC0-301F-11D3-BF4B-00C04F79EFBC}") = "Register-Login-Asp-Core-Mvc-WithRoleAndPremisson", "Register-Login-Asp-Core-Mvc-WithRoleAndPremisson\Register-Login-Asp-Core-Mvc-WithRoleAndPremisson.csproj", "{70B5522D-C34D-4D68-966C-252FDA1EF032}"
EndProject
Global
	GlobalSection(SolutionConfigurationPlatforms) = preSolution
		Debug|Any CPU = Debug|Any CPU
		Release|Any CPU = Release|Any CPU
	EndGlobalSection
	GlobalSection(ProjectConfigurationPlatforms) = postSolution
		{70B5522D-C34D-4D68-966C-252FDA1EF032}.Debug|Any CPU.ActiveCfg = Debug|Any CPU
		{70B5522D-C34D-4D68-966C-252FDA1EF032}.Debug|Any CPU.Build.0 = Debug|Any CPU
		{70B5522D-C34D-4D68-966C-252FDA1EF032}.Release|Any CPU.ActiveCfg = Release|Any CPU
		{70B5522D-C34D-4D68-966C-252FDA1EF032}.Release|Any CPU.Build.0 = Release|Any CPU
	EndGlobalSection
	GlobalSection(SolutionProperties) = preSolution
		HideSolutionNode = FALSE
	EndGlobalSection
	GlobalSection(ExtensibilityGlobals) = postSolution
		SolutionGuid = {86690692-6EF7-4CD7-A130-1D8EE85888B3}
	EndGlobalSection
EndGlobal
